<Solution>
  <Folder Name="/Sql_tasks/" />
  <Folder Name="/Sql_tasks/Task001_Logs/">
    <File Path="Sql_tasks/Task001_Logs/README.MD" />
    <File Path="Sql_tasks/Task001_Logs/Task001.sql" />
  </Folder>
  <Folder Name="/Tests/">
    <Project Path="Tests/TasksPart1_TestProject/TasksPart1_TestProject.csproj" Id="4487d75b-92f1-463a-a1f3-d32789a3f4ff" />
  </Folder>
  <Project Path="Task001_PriceSolver/Task001_PriceSolver.csproj" Id="b7b4d859-04ae-457e-8fc1-ca75777d8f99" />
  <Project Path="Task002_Throttling/Task002_Throttling.csproj" Id="b783be7f-b3a8-4eaf-96f8-ae32a72a1a87" />
</Solution>
